
Microsoft Visual Studio Solution File, Format Version 12.00
# Visual Studio Version 17
VisualStudioVersion = 17.2.32630.192
MinimumVisualStudioVersion = 10.0.40219.1
Project("{FAE04EC0-301F-11D3-BF4B-00C04F79EFBC}") = "CatLang", "CatLang\CatLang.csproj", "{40292DBC-BF49-4189-A78D-7E3A757F8E19}"
EndProject
Global
	GlobalSection(SolutionConfigurationPlatforms) = preSolution
		Debug|Any CPU = Debug|Any CPU
		Release|Any CPU = Release|Any CPU
	EndGlobalSection
	GlobalSection(ProjectConfigurationPlatforms) = postSolution
		{40292DBC-BF49-4189-A78D-7E3A757F8E19}.Debug|Any CPU.ActiveCfg = Debug|Any CPU
		{40292DBC-BF49-4189-A78D-7E3A757F8E19}.Debug|Any CPU.Build.0 = Debug|Any CPU
		{40292DBC-BF49-4189-A78D-7E3A757F8E19}.Release|Any CPU.ActiveCfg = Release|Any CPU
		{40292DBC-BF49-4189-A78D-7E3A757F8E19}.Release|Any CPU.Build.0 = Release|Any CPU
	EndGlobalSection
	GlobalSection(SolutionProperties) = preSolution
		HideSolutionNode = FALSE
	EndGlobalSection
	GlobalSection(ExtensibilityGlobals) = postSolution
		SolutionGuid = {6383450C-ED5C-4F9A-B615-61F204E9324E}
	EndGlobalSection
EndGlobal
